
Microsoft Visual Studio Solution File, Format Version 12.00
# Visual Studio Version 17
VisualStudioVersion = 17.14.36203.30
MinimumVisualStudioVersion = 10.0.40219.1
Project("{FAE04EC0-301F-11D3-BF4B-00C04F79EFBC}") = "BGO.Models", "BGO.DTOs\BGO.Models.csproj", "{89E25286-2453-4305-AD1D-A0DE7B835396}"
EndProject
Project("{FAE04EC0-301F-11D3-BF4B-00C04F79EFBC}") = "BGO.Services", "BGO.Services\BGO.Services.csproj", "{AD30AEEB-5A84-4B15-AECB-E7949C493D56}"
EndProject
Project("{FAE04EC0-301F-11D3-BF4B-00C04F79EFBC}") = "BGO.WebAPI", "BGO.WebAPI\BGO.WebAPI.csproj", "{6DAEFC7C-440D-4C12-982A-B037CB35AAEE}"
EndProject
Global
	GlobalSection(SolutionConfigurationPlatforms) = preSolution
		Debug|Any CPU = Debug|Any CPU
		Release|Any CPU = Release|Any CPU
	EndGlobalSection
	GlobalSection(ProjectConfigurationPlatforms) = postSolution
		{89E25286-2453-4305-AD1D-A0DE7B835396}.Debug|Any CPU.ActiveCfg = Debug|Any CPU
		{89E25286-2453-4305-AD1D-A0DE7B835396}.Debug|Any CPU.Build.0 = Debug|Any CPU
		{89E25286-2453-4305-AD1D-A0DE7B835396}.Release|Any CPU.ActiveCfg = Release|Any CPU
		{89E25286-2453-4305-AD1D-A0DE7B835396}.Release|Any CPU.Build.0 = Release|Any CPU
		{AD30AEEB-5A84-4B15-AECB-E7949C493D56}.Debug|Any CPU.ActiveCfg = Debug|Any CPU
		{AD30AEEB-5A84-4B15-AECB-E7949C493D56}.Debug|Any CPU.Build.0 = Debug|Any CPU
		{AD30AEEB-5A84-4B15-AECB-E7949C493D56}.Release|Any CPU.ActiveCfg = Release|Any CPU
		{AD30AEEB-5A84-4B15-AECB-E7949C493D56}.Release|Any CPU.Build.0 = Release|Any CPU
		{6DAEFC7C-440D-4C12-982A-B037CB35AAEE}.Debug|Any CPU.ActiveCfg = Debug|Any CPU
		{6DAEFC7C-440D-4C12-982A-B037CB35AAEE}.Debug|Any CPU.Build.0 = Debug|Any CPU
		{6DAEFC7C-440D-4C12-982A-B037CB35AAEE}.Release|Any CPU.ActiveCfg = Release|Any CPU
		{6DAEFC7C-440D-4C12-982A-B037CB35AAEE}.Release|Any CPU.Build.0 = Release|Any CPU
	EndGlobalSection
	GlobalSection(SolutionProperties) = preSolution
		HideSolutionNode = FALSE
	EndGlobalSection
	GlobalSection(ExtensibilityGlobals) = postSolution
		SolutionGuid = {E1D38DA6-0340-455B-86DF-D13E2F628E85}
	EndGlobalSection
EndGlobal
